
Microsoft Visual Studio Solution File, Format Version 12.00
# Visual Studio Version 16
VisualStudioVersion = 16.0.33801.447
MinimumVisualStudioVersion = 10.0.40219.1
Project("{8BC9CEB8-8B4A-11D0-8D11-00A0C91BC942}") = "main-project", "main-project\main-project.vcxproj", "{BA04981A-4A8F-412F-BF0A-D8D9D213D07C}"
EndProject
Global
	GlobalSection(SolutionConfigurationPlatforms) = preSolution
		Debug|x64 = Debug|x64
		Debug|x86 = Debug|x86
		Release|x64 = Release|x64
		Release|x86 = Release|x86
	EndGlobalSection
	GlobalSection(ProjectConfigurationPlatforms) = postSolution
		{BA04981A-4A8F-412F-BF0A-D8D9D213D07C}.Debug|x64.ActiveCfg = Debug|x64
		{BA04981A-4A8F-412F-BF0A-D8D9D213D07C}.Debug|x64.Build.0 = Debug|x64
		{BA04981A-4A8F-412F-BF0A-D8D9D213D07C}.Debug|x86.ActiveCfg = Debug|Win32
		{BA04981A-4A8F-412F-BF0A-D8D9D213D07C}.Debug|x86.Build.0 = Debug|Win32
		{BA04981A-4A8F-412F-BF0A-D8D9D213D07C}.Release|x64.ActiveCfg = Release|x64
		{BA04981A-4A8F-412F-BF0A-D8D9D213D07C}.Release|x64.Build.0 = Release|x64
		{BA04981A-4A8F-412F-BF0A-D8D9D213D07C}.Release|x86.ActiveCfg = Release|Win32
		{BA04981A-4A8F-412F-BF0A-D8D9D213D07C}.Release|x86.Build.0 = Release|Win32
	EndGlobalSection
	GlobalSection(SolutionProperties) = preSolution
		HideSolutionNode = FALSE
	EndGlobalSection
	GlobalSection(ExtensibilityGlobals) = postSolution
		SolutionGuid = {273FC324-A83C-4612-99BC-058CFA4744D1}
	EndGlobalSection
EndGlobal
